// !$*UTF8*$!
{
	archiveVersion = 1;
	classes = {
	};
	objectVersion = 56;
	objects = {

/* Begin PBXBuildFile section */
		6B1D95AD2930854E003FC028 /* Profile.swift in Sources */ = {isa = PBXBuildFile; fileRef = 6B1D95AC2930854E003FC028 /* Profile.swift */; };
		6B1D95B029308688003FC028 /* ProfileHost.swift in Sources */ = {isa = PBXBuildFile; fileRef = 6B1D95AF29308688003FC028 /* ProfileHost.swift */; };
		6B1D95B229308715003FC028 /* ProfileSummary.swift in Sources */ = {isa = PBXBuildFile; fileRef = 6B1D95B129308715003FC028 /* ProfileSummary.swift */; };
		6B1D95B429308A86003FC028 /* HikeBadge.swift in Sources */ = {isa = PBXBuildFile; fileRef = 6B1D95B329308A86003FC028 /* HikeBadge.swift */; };
		6B2B1D1B2929716300FF0AA2 /* landmarkData.json in Resources */ = {isa = PBXBuildFile; fileRef = 6B2B1D1A2929716300FF0AA2 /* landmarkData.json */; };
		6B2B1D1D2929719700FF0AA2 /* Landmark.swift in Sources */ = {isa = PBXBuildFile; fileRef = 6B2B1D1C2929719700FF0AA2 /* Landmark.swift */; };
		6B35736D2930B5F5007A7F67 /* ProfileEditor.swift in Sources */ = {isa = PBXBuildFile; fileRef = 6B35736C2930B5F5007A7F67 /* ProfileEditor.swift */; };
		6B3809F1292A87DA00C2A4D1 /* FavoriteButton.swift in Sources */ = {isa = PBXBuildFile; fileRef = 6B3809F0292A87DA00C2A4D1 /* FavoriteButton.swift */; };
		6B3D41452929B3DB00C13A06 /* ModelData.swift in Sources */ = {isa = PBXBuildFile; fileRef = 6B3D41442929B3DB00C13A06 /* ModelData.swift */; };
		6B3D414A2929B6D800C13A06 /* LandmarkRow.swift in Sources */ = {isa = PBXBuildFile; fileRef = 6B3D41492929B6D800C13A06 /* LandmarkRow.swift */; };
		6B3D414C2929BAB500C13A06 /* LandmarkList.swift in Sources */ = {isa = PBXBuildFile; fileRef = 6B3D414B2929BAB500C13A06 /* LandmarkList.swift */; };
		6B3D414E2929BEA400C13A06 /* LandmarkDetail.swift in Sources */ = {isa = PBXBuildFile; fileRef = 6B3D414D2929BEA400C13A06 /* LandmarkDetail.swift */; };
		6B923D03292E3E6800B53671 /* HexagonParameters.swift in Sources */ = {isa = PBXBuildFile; fileRef = 6B923D02292E3E6800B53671 /* HexagonParameters.swift */; };
		6B923D07292E454D00B53671 /* BadgeBackground.swift in Sources */ = {isa = PBXBuildFile; fileRef = 6B923D06292E454D00B53671 /* BadgeBackground.swift */; };
		6B923D09292E638900B53671 /* BadgeSymbol.swift in Sources */ = {isa = PBXBuildFile; fileRef = 6B923D08292E638900B53671 /* BadgeSymbol.swift */; };
		6B923D0B292E6C9000B53671 /* RotatedBadgeSymbol.swift in Sources */ = {isa = PBXBuildFile; fileRef = 6B923D0A292E6C9000B53671 /* RotatedBadgeSymbol.swift */; };
		6B923D0D292E6E5300B53671 /* Badge.swift in Sources */ = {isa = PBXBuildFile; fileRef = 6B923D0C292E6E5300B53671 /* Badge.swift */; };
		6B923D0F292EEC4A00B53671 /* hikeData.json in Resources */ = {isa = PBXBuildFile; fileRef = 6B923D0E292EEC4A00B53671 /* hikeData.json */; };
		6B923D11292EEC7300B53671 /* Hike.swift in Sources */ = {isa = PBXBuildFile; fileRef = 6B923D10292EEC7300B53671 /* Hike.swift */; };
		6B923D17292EEE2F00B53671 /* GraphCapsule.swift in Sources */ = {isa = PBXBuildFile; fileRef = 6B923D13292EEE2F00B53671 /* GraphCapsule.swift */; };
		6B923D18292EEE2F00B53671 /* HikeGraph.swift in Sources */ = {isa = PBXBuildFile; fileRef = 6B923D14292EEE2F00B53671 /* HikeGraph.swift */; };
		6B923D19292EEE2F00B53671 /* HikeDetail.swift in Sources */ = {isa = PBXBuildFile; fileRef = 6B923D15292EEE2F00B53671 /* HikeDetail.swift */; };
		6B923D1A292EEE2F00B53671 /* HikeView.swift in Sources */ = {isa = PBXBuildFile; fileRef = 6B923D16292EEE2F00B53671 /* HikeView.swift */; };
		6BE508C5292F150B004F7F9D /* CategoryHome.swift in Sources */ = {isa = PBXBuildFile; fileRef = 6BE508C4292F150B004F7F9D /* CategoryHome.swift */; };
		6BE508C7292F1984004F7F9D /* CategoryRow.swift in Sources */ = {isa = PBXBuildFile; fileRef = 6BE508C6292F1984004F7F9D /* CategoryRow.swift */; };
		6BE508C9292F2008004F7F9D /* CategoryItem.swift in Sources */ = {isa = PBXBuildFile; fileRef = 6BE508C8292F2008004F7F9D /* CategoryItem.swift */; };
		6BEEDC432929171400E3F4FD /* LandmarksApp.swift in Sources */ = {isa = PBXBuildFile; fileRef = 6BEEDC422929171400E3F4FD /* LandmarksApp.swift */; };
		6BEEDC452929171400E3F4FD /* ContentView.swift in Sources */ = {isa = PBXBuildFile; fileRef = 6BEEDC442929171400E3F4FD /* ContentView.swift */; };
		6BEEDC472929171600E3F4FD /* Assets.xcassets in Resources */ = {isa = PBXBuildFile; fileRef = 6BEEDC462929171600E3F4FD /* Assets.xcassets */; };
		6BEEDC4A2929171600E3F4FD /* Preview Assets.xcassets in Resources */ = {isa = PBXBuildFile; fileRef = 6BEEDC492929171600E3F4FD /* Preview Assets.xcassets */; };
		6BEEDC51292920E700E3F4FD /* CircleImage.swift in Sources */ = {isa = PBXBuildFile; fileRef = 6BEEDC50292920E700E3F4FD /* CircleImage.swift */; };
		6BEEDC532929309800E3F4FD /* MapView.swift in Sources */ = {isa = PBXBuildFile; fileRef = 6BEEDC522929309800E3F4FD /* MapView.swift */; };
/* End PBXBuildFile section */

/* Begin PBXFileReference section */
		6B1D95AC2930854E003FC028 /* Profile.swift */ = {isa = PBXFileReference; lastKnownFileType = sourcecode.swift; path = Profile.swift; sourceTree = "<group>"; };
		6B1D95AF29308688003FC028 /* ProfileHost.swift */ = {isa = PBXFileReference; lastKnownFileType = sourcecode.swift; path = ProfileHost.swift; sourceTree = "<group>"; };
		6B1D95B129308715003FC028 /* ProfileSummary.swift */ = {isa = PBXFileReference; lastKnownFileType = sourcecode.swift; path = ProfileSummary.swift; sourceTree = "<group>"; };
		6B1D95B329308A86003FC028 /* HikeBadge.swift */ = {isa = PBXFileReference; lastKnownFileType = sourcecode.swift; path = HikeBadge.swift; sourceTree = "<group>"; };
		6B2B1D1A2929716300FF0AA2 /* landmarkData.json */ = {isa = PBXFileReference; fileEncoding = 4; lastKnownFileType = text.json; path = landmarkData.json; sourceTree = "<group>"; };
		6B2B1D1C2929719700FF0AA2 /* Landmark.swift */ = {isa = PBXFileReference; lastKnownFileType = sourcecode.swift; path = Landmark.swift; sourceTree = "<group>"; };
		6B35736C2930B5F5007A7F67 /* ProfileEditor.swift */ = {isa = PBXFileReference; lastKnownFileType = sourcecode.swift; path = ProfileEditor.swift; sourceTree = "<group>"; };
		6B3809F0292A87DA00C2A4D1 /* FavoriteButton.swift */ = {isa = PBXFileReference; lastKnownFileType = sourcecode.swift; path = FavoriteButton.swift; sourceTree = "<group>"; };
		6B3D41442929B3DB00C13A06 /* ModelData.swift */ = {isa = PBXFileReference; lastKnownFileType = sourcecode.swift; path = ModelData.swift; sourceTree = "<group>"; };
		6B3D41492929B6D800C13A06 /* LandmarkRow.swift */ = {isa = PBXFileReference; lastKnownFileType = sourcecode.swift; path = LandmarkRow.swift; sourceTree = "<group>"; };
		6B3D414B2929BAB500C13A06 /* LandmarkList.swift */ = {isa = PBXFileReference; lastKnownFileType = sourcecode.swift; path = LandmarkList.swift; sourceTree = "<group>"; };
		6B3D414D2929BEA400C13A06 /* LandmarkDetail.swift */ = {isa = PBXFileReference; lastKnownFileType = sourcecode.swift; path = LandmarkDetail.swift; sourceTree = "<group>"; };
		6B923D02292E3E6800B53671 /* HexagonParameters.swift */ = {isa = PBXFileReference; lastKnownFileType = sourcecode.swift; path = HexagonParameters.swift; sourceTree = "<group>"; };
		6B923D06292E454D00B53671 /* BadgeBackground.swift */ = {isa = PBXFileReference; lastKnownFileType = sourcecode.swift; path = BadgeBackground.swift; sourceTree = "<group>"; };
		6B923D08292E638900B53671 /* BadgeSymbol.swift */ = {isa = PBXFileReference; lastKnownFileType = sourcecode.swift; path = BadgeSymbol.swift; sourceTree = "<group>"; };
		6B923D0A292E6C9000B53671 /* RotatedBadgeSymbol.swift */ = {isa = PBXFileReference; lastKnownFileType = sourcecode.swift; path = RotatedBadgeSymbol.swift; sourceTree = "<group>"; };
		6B923D0C292E6E5300B53671 /* Badge.swift */ = {isa = PBXFileReference; lastKnownFileType = sourcecode.swift; path = Badge.swift; sourceTree = "<group>"; };
		6B923D0E292EEC4A00B53671 /* hikeData.json */ = {isa = PBXFileReference; fileEncoding = 4; lastKnownFileType = text.json; path = hikeData.json; sourceTree = "<group>"; };
		6B923D10292EEC7300B53671 /* Hike.swift */ = {isa = PBXFileReference; lastKnownFileType = sourcecode.swift; path = Hike.swift; sourceTree = "<group>"; };
		6B923D13292EEE2F00B53671 /* GraphCapsule.swift */ = {isa = PBXFileReference; fileEncoding = 4; lastKnownFileType = sourcecode.swift; path = GraphCapsule.swift; sourceTree = "<group>"; };
		6B923D14292EEE2F00B53671 /* HikeGraph.swift */ = {isa = PBXFileReference; fileEncoding = 4; lastKnownFileType = sourcecode.swift; path = HikeGraph.swift; sourceTree = "<group>"; };
		6B923D15292EEE2F00B53671 /* HikeDetail.swift */ = {isa = PBXFileReference; fileEncoding = 4; lastKnownFileType = sourcecode.swift; path = HikeDetail.swift; sourceTree = "<group>"; };
		6B923D16292EEE2F00B53671 /* HikeView.swift */ = {isa = PBXFileReference; fileEncoding = 4; lastKnownFileType = sourcecode.swift; path = HikeView.swift; sourceTree = "<group>"; };
		6BE508C4292F150B004F7F9D /* CategoryHome.swift */ = {isa = PBXFileReference; lastKnownFileType = sourcecode.swift; path = CategoryHome.swift; sourceTree = "<group>"; };
		6BE508C6292F1984004F7F9D /* CategoryRow.swift */ = {isa = PBXFileReference; lastKnownFileType = sourcecode.swift; path = CategoryRow.swift; sourceTree = "<group>"; };
		6BE508C8292F2008004F7F9D /* CategoryItem.swift */ = {isa = PBXFileReference; lastKnownFileType = sourcecode.swift; path = CategoryItem.swift; sourceTree = "<group>"; };
		6BEEDC3F2929171400E3F4FD /* Landmarks.app */ = {isa = PBXFileReference; explicitFileType = wrapper.application; includeInIndex = 0; path = Landmarks.app; sourceTree = BUILT_PRODUCTS_DIR; };
		6BEEDC422929171400E3F4FD /* LandmarksApp.swift */ = {isa = PBXFileReference; lastKnownFileType = sourcecode.swift; path = LandmarksApp.swift; sourceTree = "<group>"; };
		6BEEDC442929171400E3F4FD /* ContentView.swift */ = {isa = PBXFileReference; lastKnownFileType = sourcecode.swift; path = ContentView.swift; sourceTree = "<group>"; };
		6BEEDC462929171600E3F4FD /* Assets.xcassets */ = {isa = PBXFileReference; lastKnownFileType = folder.assetcatalog; path = Assets.xcassets; sourceTree = "<group>"; };
		6BEEDC492929171600E3F4FD /* Preview Assets.xcassets */ = {isa = PBXFileReference; lastKnownFileType = folder.assetcatalog; path = "Preview Assets.xcassets"; sourceTree = "<group>"; };
		6BEEDC50292920E700E3F4FD /* CircleImage.swift */ = {isa = PBXFileReference; lastKnownFileType = sourcecode.swift; path = CircleImage.swift; sourceTree = "<group>"; };
		6BEEDC522929309800E3F4FD /* MapView.swift */ = {isa = PBXFileReference; lastKnownFileType = sourcecode.swift; path = MapView.swift; sourceTree = "<group>"; };
/* End PBXFileReference section */

/* Begin PBXFrameworksBuildPhase section */
		6BEEDC3C2929171400E3F4FD /* Frameworks */ = {
			isa = PBXFrameworksBuildPhase;
			buildActionMask = 2147483647;
			files = (
			);
			runOnlyForDeploymentPostprocessing = 0;
		};
/* End PBXFrameworksBuildPhase section */

/* Begin PBXGroup section */
		6B1D95AE2930866C003FC028 /* Profiles */ = {
			isa = PBXGroup;
			children = (
				6B1D95AF29308688003FC028 /* ProfileHost.swift */,
				6B1D95B129308715003FC028 /* ProfileSummary.swift */,
				6B35736C2930B5F5007A7F67 /* ProfileEditor.swift */,
			);
			path = Profiles;
			sourceTree = "<group>";
		};
		6B3809F2292A89A000C2A4D1 /* Landmarks */ = {
			isa = PBXGroup;
			children = (
				6B3D41492929B6D800C13A06 /* LandmarkRow.swift */,
				6B3D414B2929BAB500C13A06 /* LandmarkList.swift */,
				6B3D414D2929BEA400C13A06 /* LandmarkDetail.swift */,
			);
			path = Landmarks;
			sourceTree = "<group>";
		};
		6B3809F3292A89AD00C2A4D1 /* Helpers */ = {
			isa = PBXGroup;
			children = (
				6BEEDC50292920E700E3F4FD /* CircleImage.swift */,
				6BEEDC522929309800E3F4FD /* MapView.swift */,
				6B3809F0292A87DA00C2A4D1 /* FavoriteButton.swift */,
			);
			path = Helpers;
			sourceTree = "<group>";
		};
		6B3D41462929B60600C13A06 /* Views */ = {
			isa = PBXGroup;
			children = (
				6B1D95AE2930866C003FC028 /* Profiles */,
				6BE508C3292F14F3004F7F9D /* Category */,
				6B3809F3292A89AD00C2A4D1 /* Helpers */,
				6B3809F2292A89A000C2A4D1 /* Landmarks */,
				6B923D01292E3E4900B53671 /* Badges */,
				6BEEDC442929171400E3F4FD /* ContentView.swift */,
			);
			path = Views;
			sourceTree = "<group>";
		};
		6B3D41472929B60F00C13A06 /* Model */ = {
			isa = PBXGroup;
			children = (
				6B2B1D1C2929719700FF0AA2 /* Landmark.swift */,
				6B3D41442929B3DB00C13A06 /* ModelData.swift */,
				6B923D10292EEC7300B53671 /* Hike.swift */,
				6B1D95AC2930854E003FC028 /* Profile.swift */,
			);
			path = Model;
			sourceTree = "<group>";
		};
		6B3D41482929B61900C13A06 /* Resources */ = {
			isa = PBXGroup;
			children = (
				6B923D0E292EEC4A00B53671 /* hikeData.json */,
				6B2B1D1A2929716300FF0AA2 /* landmarkData.json */,
			);
			path = Resources;
			sourceTree = "<group>";
		};
		6B923D01292E3E4900B53671 /* Badges */ = {
			isa = PBXGroup;
			children = (
				6B923D06292E454D00B53671 /* BadgeBackground.swift */,
				6B923D08292E638900B53671 /* BadgeSymbol.swift */,
				6B923D0A292E6C9000B53671 /* RotatedBadgeSymbol.swift */,
				6B923D0C292E6E5300B53671 /* Badge.swift */,
				6B923D02292E3E6800B53671 /* HexagonParameters.swift */,
			);
			path = Badges;
			sourceTree = "<group>";
		};
		6B923D12292EEE2F00B53671 /* Hikes */ = {
			isa = PBXGroup;
			children = (
				6B923D13292EEE2F00B53671 /* GraphCapsule.swift */,
				6B923D14292EEE2F00B53671 /* HikeGraph.swift */,
				6B923D15292EEE2F00B53671 /* HikeDetail.swift */,
				6B923D16292EEE2F00B53671 /* HikeView.swift */,
				6B1D95B329308A86003FC028 /* HikeBadge.swift */,
			);
			path = Hikes;
			sourceTree = "<group>";
		};
		6BE508C3292F14F3004F7F9D /* Category */ = {
			isa = PBXGroup;
			children = (
				6BE508C4292F150B004F7F9D /* CategoryHome.swift */,
				6BE508C6292F1984004F7F9D /* CategoryRow.swift */,
				6BE508C8292F2008004F7F9D /* CategoryItem.swift */,
			);
			path = Category;
			sourceTree = "<group>";
		};
		6BEEDC362929171400E3F4FD = {
			isa = PBXGroup;
			children = (
				6BEEDC412929171400E3F4FD /* Landmarks */,
				6BEEDC402929171400E3F4FD /* Products */,
			);
			sourceTree = "<group>";
		};
		6BEEDC402929171400E3F4FD /* Products */ = {
			isa = PBXGroup;
			children = (
				6BEEDC3F2929171400E3F4FD /* Landmarks.app */,
			);
			name = Products;
			sourceTree = "<group>";
		};
		6BEEDC412929171400E3F4FD /* Landmarks */ = {
			isa = PBXGroup;
			children = (
				6B3D41462929B60600C13A06 /* Views */,
				6B3D41472929B60F00C13A06 /* Model */,
				6B923D12292EEE2F00B53671 /* Hikes */,
				6BEEDC422929171400E3F4FD /* LandmarksApp.swift */,
				6B3D41482929B61900C13A06 /* Resources */,
				6BEEDC462929171600E3F4FD /* Assets.xcassets */,
				6BEEDC482929171600E3F4FD /* Preview Content */,
			);
			path = Landmarks;
			sourceTree = "<group>";
		};
		6BEEDC482929171600E3F4FD /* Preview Content */ = {
			isa = PBXGroup;
			children = (
				6BEEDC492929171600E3F4FD /* Preview Assets.xcassets */,
			);
			path = "Preview Content";
			sourceTree = "<group>";
		};
/* End PBXGroup section */

/* Begin PBXNativeTarget section */
		6BEEDC3E2929171400E3F4FD /* Landmarks */ = {
			isa = PBXNativeTarget;
			buildConfigurationList = 6BEEDC4D2929171600E3F4FD /* Build configuration list for PBXNativeTarget "Landmarks" */;
			buildPhases = (
				6BEEDC3B2929171400E3F4FD /* Sources */,
				6BEEDC3C2929171400E3F4FD /* Frameworks */,
				6BEEDC3D2929171400E3F4FD /* Resources */,
			);
			buildRules = (
			);
			dependencies = (
			);
			name = Landmarks;
			productName = Landmarks;
			productReference = 6BEEDC3F2929171400E3F4FD /* Landmarks.app */;
			productType = "com.apple.product-type.application";
		};
/* End PBXNativeTarget section */

/* Begin PBXProject section */
		6BEEDC372929171400E3F4FD /* Project object */ = {
			isa = PBXProject;
			attributes = {
				BuildIndependentTargetsInParallel = 1;
				LastSwiftUpdateCheck = 1410;
				LastUpgradeCheck = 1410;
				TargetAttributes = {
					6BEEDC3E2929171400E3F4FD = {
						CreatedOnToolsVersion = 14.1;
					};
				};
			};
			buildConfigurationList = 6BEEDC3A2929171400E3F4FD /* Build configuration list for PBXProject "Landmarks" */;
			compatibilityVersion = "Xcode 14.0";
			developmentRegion = en;
			hasScannedForEncodings = 0;
			knownRegions = (
				en,
				Base,
			);
			mainGroup = 6BEEDC362929171400E3F4FD;
			productRefGroup = 6BEEDC402929171400E3F4FD /* Products */;
			projectDirPath = "";
			projectRoot = "";
			targets = (
				6BEEDC3E2929171400E3F4FD /* Landmarks */,
			);
		};
/* End PBXProject section */

/* Begin PBXResourcesBuildPhase section */
		6BEEDC3D2929171400E3F4FD /* Resources */ = {
			isa = PBXResourcesBuildPhase;
			buildActionMask = 2147483647;
			files = (
				6B923D0F292EEC4A00B53671 /* hikeData.json in Resources */,
				6BEEDC4A2929171600E3F4FD /* Preview Assets.xcassets in Resources */,
				6BEEDC472929171600E3F4FD /* Assets.xcassets in Resources */,
				6B2B1D1B2929716300FF0AA2 /* landmarkData.json in Resources */,
			);
			runOnlyForDeploymentPostprocessing = 0;
		};
/* End PBXResourcesBuildPhase section */

/* Begin PBXSourcesBuildPhase section */
		6BEEDC3B2929171400E3F4FD /* Sources */ = {
			isa = PBXSourcesBuildPhase;
			buildActionMask = 2147483647;
			files = (
				6BE508C7292F1984004F7F9D /* CategoryRow.swift in Sources */,
				6B1D95AD2930854E003FC028 /* Profile.swift in Sources */,
				6BEEDC452929171400E3F4FD /* ContentView.swift in Sources */,
				6BE508C5292F150B004F7F9D /* CategoryHome.swift in Sources */,
				6B923D18292EEE2F00B53671 /* HikeGraph.swift in Sources */,
				6B923D0D292E6E5300B53671 /* Badge.swift in Sources */,
				6BEEDC532929309800E3F4FD /* MapView.swift in Sources */,
				6B923D17292EEE2F00B53671 /* GraphCapsule.swift in Sources */,
				6BEEDC432929171400E3F4FD /* LandmarksApp.swift in Sources */,
				6B3809F1292A87DA00C2A4D1 /* FavoriteButton.swift in Sources */,
				6BE508C9292F2008004F7F9D /* CategoryItem.swift in Sources */,
				6B923D19292EEE2F00B53671 /* HikeDetail.swift in Sources */,
				6B1D95B229308715003FC028 /* ProfileSummary.swift in Sources */,
				6B923D03292E3E6800B53671 /* HexagonParameters.swift in Sources */,
				6B1D95B029308688003FC028 /* ProfileHost.swift in Sources */,
				6B923D11292EEC7300B53671 /* Hike.swift in Sources */,
				6B923D0B292E6C9000B53671 /* RotatedBadgeSymbol.swift in Sources */,
				6B923D09292E638900B53671 /* BadgeSymbol.swift in Sources */,
				6B35736D2930B5F5007A7F67 /* ProfileEditor.swift in Sources */,
				6B3D414C2929BAB500C13A06 /* LandmarkList.swift in Sources */,
				6B923D1A292EEE2F00B53671 /* HikeView.swift in Sources */,
				6B3D414E2929BEA400C13A06 /* LandmarkDetail.swift in Sources */,
				6B923D07292E454D00B53671 /* BadgeBackground.swift in Sources */,
				6B1D95B429308A86003FC028 /* HikeBadge.swift in Sources */,
				6BEEDC51292920E700E3F4FD /* CircleImage.swift in Sources */,
				6B2B1D1D2929719700FF0AA2 /* Landmark.swift in Sources */,
				6B3D414A2929B6D800C13A06 /* LandmarkRow.swift in Sources */,
				6B3D41452929B3DB00C13A06 /* ModelData.swift in Sources */,
			);
			runOnlyForDeploymentPostprocessing = 0;
		};
/* End PBXSourcesBuildPhase section */

/* Begin XCBuildConfiguration section */
		6BEEDC4B2929171600E3F4FD /* Debug */ = {
			isa = XCBuildConfiguration;
			buildSettings = {
				ALWAYS_SEARCH_USER_PATHS = NO;
				CLANG_ANALYZER_NONNULL = YES;
				CLANG_ANALYZER_NUMBER_OBJECT_CONVERSION = YES_AGGRESSIVE;
				CLANG_CXX_LANGUAGE_STANDARD = "gnu++20";
				CLANG_ENABLE_MODULES = YES;
				CLANG_ENABLE_OBJC_ARC = YES;
				CLANG_ENABLE_OBJC_WEAK = YES;
				CLANG_WARN_BLOCK_CAPTURE_AUTORELEASING = YES;
				CLANG_WARN_BOOL_CONVERSION = YES;
				CLANG_WARN_COMMA = YES;
				CLANG_WARN_CONSTANT_CONVERSION = YES;
				CLANG_WARN_DEPRECATED_OBJC_IMPLEMENTATIONS = YES;
				CLANG_WARN_DIRECT_OBJC_ISA_USAGE = YES_ERROR;
				CLANG_WARN_DOCUMENTATION_COMMENTS = YES;
				CLANG_WARN_EMPTY_BODY = YES;
				CLANG_WARN_ENUM_CONVERSION = YES;
				CLANG_WARN_INFINITE_RECURSION = YES;
				CLANG_WARN_INT_CONVERSION = YES;
				CLANG_WARN_NON_LITERAL_NULL_CONVERSION = YES;
				CLANG_WARN_OBJC_IMPLICIT_RETAIN_SELF = YES;
				CLANG_WARN_OBJC_LITERAL_CONVERSION = YES;
				CLANG_WARN_OBJC_ROOT_CLASS = YES_ERROR;
				CLANG_WARN_QUOTED_INCLUDE_IN_FRAMEWORK_HEADER = YES;
				CLANG_WARN_RANGE_LOOP_ANALYSIS = YES;
				CLANG_WARN_STRICT_PROTOTYPES = YES;
				CLANG_WARN_SUSPICIOUS_MOVE = YES;
				CLANG_WARN_UNGUARDED_AVAILABILITY = YES_AGGRESSIVE;
				CLANG_WARN_UNREACHABLE_CODE = YES;
				CLANG_WARN__DUPLICATE_METHOD_MATCH = YES;
				COPY_PHASE_STRIP = NO;
				DEBUG_INFORMATION_FORMAT = dwarf;
				ENABLE_STRICT_OBJC_MSGSEND = YES;
				ENABLE_TESTABILITY = YES;
				GCC_C_LANGUAGE_STANDARD = gnu11;
				GCC_DYNAMIC_NO_PIC = NO;
				GCC_NO_COMMON_BLOCKS = YES;
				GCC_OPTIMIZATION_LEVEL = 0;
				GCC_PREPROCESSOR_DEFINITIONS = (
					"DEBUG=1",
					"$(inherited)",
				);
				GCC_WARN_64_TO_32_BIT_CONVERSION = YES;
				GCC_WARN_ABOUT_RETURN_TYPE = YES_ERROR;
				GCC_WARN_UNDECLARED_SELECTOR = YES;
				GCC_WARN_UNINITIALIZED_AUTOS = YES_AGGRESSIVE;
				GCC_WARN_UNUSED_FUNCTION = YES;
				GCC_WARN_UNUSED_VARIABLE = YES;
				IPHONEOS_DEPLOYMENT_TARGET = 16.1;
				MTL_ENABLE_DEBUG_INFO = INCLUDE_SOURCE;
				MTL_FAST_MATH = YES;
				ONLY_ACTIVE_ARCH = YES;
				SDKROOT = iphoneos;
				SWIFT_ACTIVE_COMPILATION_CONDITIONS = DEBUG;
				SWIFT_OPTIMIZATION_LEVEL = "-Onone";
			};
			name = Debug;
		};
		6BEEDC4C2929171600E3F4FD /* Release */ = {
			isa = XCBuildConfiguration;
			buildSettings = {
				ALWAYS_SEARCH_USER_PATHS = NO;
				CLANG_ANALYZER_NONNULL = YES;
				CLANG_ANALYZER_NUMBER_OBJECT_CONVERSION = YES_AGGRESSIVE;
				CLANG_CXX_LANGUAGE_STANDARD = "gnu++20";
				CLANG_ENABLE_MODULES = YES;
				CLANG_ENABLE_OBJC_ARC = YES;
				CLANG_ENABLE_OBJC_WEAK = YES;
				CLANG_WARN_BLOCK_CAPTURE_AUTORELEASING = YES;
				CLANG_WARN_BOOL_CONVERSION = YES;
				CLANG_WARN_COMMA = YES;
				CLANG_WARN_CONSTANT_CONVERSION = YES;
				CLANG_WARN_DEPRECATED_OBJC_IMPLEMENTATIONS = YES;
				CLANG_WARN_DIRECT_OBJC_ISA_USAGE = YES_ERROR;
				CLANG_WARN_DOCUMENTATION_COMMENTS = YES;
				CLANG_WARN_EMPTY_BODY = YES;
				CLANG_WARN_ENUM_CONVERSION = YES;
				CLANG_WARN_INFINITE_RECURSION = YES;
				CLANG_WARN_INT_CONVERSION = YES;
				CLANG_WARN_NON_LITERAL_NULL_CONVERSION = YES;
				CLANG_WARN_OBJC_IMPLICIT_RETAIN_SELF = YES;
				CLANG_WARN_OBJC_LITERAL_CONVERSION = YES;
				CLANG_WARN_OBJC_ROOT_CLASS = YES_ERROR;
				CLANG_WARN_QUOTED_INCLUDE_IN_FRAMEWORK_HEADER = YES;
				CLANG_WARN_RANGE_LOOP_ANALYSIS = YES;
				CLANG_WARN_STRICT_PROTOTYPES = YES;
				CLANG_WARN_SUSPICIOUS_MOVE = YES;
				CLANG_WARN_UNGUARDED_AVAILABILITY = YES_AGGRESSIVE;
				CLANG_WARN_UNREACHABLE_CODE = YES;
				CLANG_WARN__DUPLICATE_METHOD_MATCH = YES;
				COPY_PHASE_STRIP = NO;
				DEBUG_INFORMATION_FORMAT = "dwarf-with-dsym";
				ENABLE_NS_ASSERTIONS = NO;
				ENABLE_STRICT_OBJC_MSGSEND = YES;
				GCC_C_LANGUAGE_STANDARD = gnu11;
				GCC_NO_COMMON_BLOCKS = YES;
				GCC_WARN_64_TO_32_BIT_CONVERSION = YES;
				GCC_WARN_ABOUT_RETURN_TYPE = YES_ERROR;
				GCC_WARN_UNDECLARED_SELECTOR = YES;
				GCC_WARN_UNINITIALIZED_AUTOS = YES_AGGRESSIVE;
				GCC_WARN_UNUSED_FUNCTION = YES;
				GCC_WARN_UNUSED_VARIABLE = YES;
				IPHONEOS_DEPLOYMENT_TARGET = 16.1;
				MTL_ENABLE_DEBUG_INFO = NO;
				MTL_FAST_MATH = YES;
				SDKROOT = iphoneos;
				SWIFT_COMPILATION_MODE = wholemodule;
				SWIFT_OPTIMIZATION_LEVEL = "-O";
				VALIDATE_PRODUCT = YES;
			};
			name = Release;
		};
		6BEEDC4E2929171600E3F4FD /* Debug */ = {
			isa = XCBuildConfiguration;
			buildSettings = {
				ASSETCATALOG_COMPILER_APPICON_NAME = AppIcon;
				ASSETCATALOG_COMPILER_GLOBAL_ACCENT_COLOR_NAME = AccentColor;
				CODE_SIGN_STYLE = Automatic;
				CURRENT_PROJECT_VERSION = 1;
				DEVELOPMENT_ASSET_PATHS = "\"Landmarks/Preview Content\"";
				DEVELOPMENT_TEAM = 65KV6R2AGS;
				ENABLE_PREVIEWS = YES;
				GENERATE_INFOPLIST_FILE = YES;
				INFOPLIST_KEY_UIApplicationSceneManifest_Generation = YES;
				INFOPLIST_KEY_UIApplicationSupportsIndirectInputEvents = YES;
				INFOPLIST_KEY_UILaunchScreen_Generation = YES;
				INFOPLIST_KEY_UISupportedInterfaceOrientations_iPad = "UIInterfaceOrientationPortrait UIInterfaceOrientationPortraitUpsideDown UIInterfaceOrientationLandscapeLeft UIInterfaceOrientationLandscapeRight";
				INFOPLIST_KEY_UISupportedInterfaceOrientations_iPhone = "UIInterfaceOrientationPortrait UIInterfaceOrientationLandscapeLeft UIInterfaceOrientationLandscapeRight";
				LD_RUNPATH_SEARCH_PATHS = (
					"$(inherited)",
					"@executable_path/Frameworks",
				);
				MARKETING_VERSION = 1.0;
				PRODUCT_BUNDLE_IDENTIFIER = Yeolmok.Landmarks;
				PRODUCT_NAME = "$(TARGET_NAME)";
				SWIFT_EMIT_LOC_STRINGS = YES;
				SWIFT_VERSION = 5.0;
				TARGETED_DEVICE_FAMILY = "1,2";
			};
			name = Debug;
		};
		6BEEDC4F2929171600E3F4FD /* Release */ = {
			isa = XCBuildConfiguration;
			buildSettings = {
				ASSETCATALOG_COMPILER_APPICON_NAME = AppIcon;
				ASSETCATALOG_COMPILER_GLOBAL_ACCENT_COLOR_NAME = AccentColor;
				CODE_SIGN_STYLE = Automatic;
				CURRENT_PROJECT_VERSION = 1;
				DEVELOPMENT_ASSET_PATHS = "\"Landmarks/Preview Content\"";
				DEVELOPMENT_TEAM = 65KV6R2AGS;
				ENABLE_PREVIEWS = YES;
				GENERATE_INFOPLIST_FILE = YES;
				INFOPLIST_KEY_UIApplicationSceneManifest_Generation = YES;
				INFOPLIST_KEY_UIApplicationSupportsIndirectInputEvents = YES;
				INFOPLIST_KEY_UILaunchScreen_Generation = YES;
				INFOPLIST_KEY_UISupportedInterfaceOrientations_iPad = "UIInterfaceOrientationPortrait UIInterfaceOrientationPortraitUpsideDown UIInterfaceOrientationLandscapeLeft UIInterfaceOrientationLandscapeRight";
				INFOPLIST_KEY_UISupportedInterfaceOrientations_iPhone = "UIInterfaceOrientationPortrait UIInterfaceOrientationLandscapeLeft UIInterfaceOrientationLandscapeRight";
				LD_RUNPATH_SEARCH_PATHS = (
					"$(inherited)",
					"@executable_path/Frameworks",
				);
				MARKETING_VERSION = 1.0;
				PRODUCT_BUNDLE_IDENTIFIER = Yeolmok.Landmarks;
				PRODUCT_NAME = "$(TARGET_NAME)";
				SWIFT_EMIT_LOC_STRINGS = YES;
				SWIFT_VERSION = 5.0;
				TARGETED_DEVICE_FAMILY = "1,2";
			};
			name = Release;
		};
/* End XCBuildConfiguration section */

/* Begin XCConfigurationList section */
		6BEEDC3A2929171400E3F4FD /* Build configuration list for PBXProject "Landmarks" */ = {
			isa = XCConfigurationList;
			buildConfigurations = (
				6BEEDC4B2929171600E3F4FD /* Debug */,
				6BEEDC4C2929171600E3F4FD /* Release */,
			);
			defaultConfigurationIsVisible = 0;
			defaultConfigurationName = Release;
		};
		6BEEDC4D2929171600E3F4FD /* Build configuration list for PBXNativeTarget "Landmarks" */ = {
			isa = XCConfigurationList;
			buildConfigurations = (
				6BEEDC4E2929171600E3F4FD /* Debug */,
				6BEEDC4F2929171600E3F4FD /* Release */,
			);
			defaultConfigurationIsVisible = 0;
			defaultConfigurationName = Release;
		};
/* End XCConfigurationList section */
	};
	rootObject = 6BEEDC372929171400E3F4FD /* Project object */;
}
