// !$*UTF8*$!
{
	archiveVersion = 1;
	classes = {
	};
	objectVersion = 56;
	objects = {

/* Begin PBXBuildFile section */
		6B988DCC2933BE85008B0DB5 /* PlayOn_iOSApp.swift in Sources */ = {isa = PBXBuildFile; fileRef = 6B988DCB2933BE85008B0DB5 /* PlayOn_iOSApp.swift */; };
		6B988DCE2933BE85008B0DB5 /* ContentView.swift in Sources */ = {isa = PBXBuildFile; fileRef = 6B988DCD2933BE85008B0DB5 /* ContentView.swift */; };
		6B988DD02933BE87008B0DB5 /* Assets.xcassets in Resources */ = {isa = PBXBuildFile; fileRef = 6B988DCF2933BE87008B0DB5 /* Assets.xcassets */; };
		6B988DD32933BE87008B0DB5 /* Preview Assets.xcassets in Resources */ = {isa = PBXBuildFile; fileRef = 6B988DD22933BE87008B0DB5 /* Preview Assets.xcassets */; };
		6B988DDD2933BE87008B0DB5 /* PlayOn_iOSTests.swift in Sources */ = {isa = PBXBuildFile; fileRef = 6B988DDC2933BE87008B0DB5 /* PlayOn_iOSTests.swift */; };
		6B988DE72933BE87008B0DB5 /* PlayOn_iOSUITests.swift in Sources */ = {isa = PBXBuildFile; fileRef = 6B988DE62933BE87008B0DB5 /* PlayOn_iOSUITests.swift */; };
		6B988DE92933BE87008B0DB5 /* PlayOn_iOSUITestsLaunchTests.swift in Sources */ = {isa = PBXBuildFile; fileRef = 6B988DE82933BE87008B0DB5 /* PlayOn_iOSUITestsLaunchTests.swift */; };
/* End PBXBuildFile section */

/* Begin PBXContainerItemProxy section */
		6B988DD92933BE87008B0DB5 /* PBXContainerItemProxy */ = {
			isa = PBXContainerItemProxy;
			containerPortal = 6B988DC02933BE85008B0DB5 /* Project object */;
			proxyType = 1;
			remoteGlobalIDString = 6B988DC72933BE85008B0DB5;
			remoteInfo = PlayOn_iOS;
		};
		6B988DE32933BE87008B0DB5 /* PBXContainerItemProxy */ = {
			isa = PBXContainerItemProxy;
			containerPortal = 6B988DC02933BE85008B0DB5 /* Project object */;
			proxyType = 1;
			remoteGlobalIDString = 6B988DC72933BE85008B0DB5;
			remoteInfo = PlayOn_iOS;
		};
/* End PBXContainerItemProxy section */

/* Begin PBXFileReference section */
		6B988DC82933BE85008B0DB5 /* PlayOn_iOS.app */ = {isa = PBXFileReference; explicitFileType = wrapper.application; includeInIndex = 0; path = PlayOn_iOS.app; sourceTree = BUILT_PRODUCTS_DIR; };
		6B988DCB2933BE85008B0DB5 /* PlayOn_iOSApp.swift */ = {isa = PBXFileReference; lastKnownFileType = sourcecode.swift; path = PlayOn_iOSApp.swift; sourceTree = "<group>"; };
		6B988DCD2933BE85008B0DB5 /* ContentView.swift */ = {isa = PBXFileReference; lastKnownFileType = sourcecode.swift; path = ContentView.swift; sourceTree = "<group>"; };
		6B988DCF2933BE87008B0DB5 /* Assets.xcassets */ = {isa = PBXFileReference; lastKnownFileType = folder.assetcatalog; path = Assets.xcassets; sourceTree = "<group>"; };
		6B988DD22933BE87008B0DB5 /* Preview Assets.xcassets */ = {isa = PBXFileReference; lastKnownFileType = folder.assetcatalog; path = "Preview Assets.xcassets"; sourceTree = "<group>"; };
		6B988DD82933BE87008B0DB5 /* PlayOn_iOSTests.xctest */ = {isa = PBXFileReference; explicitFileType = wrapper.cfbundle; includeInIndex = 0; path = PlayOn_iOSTests.xctest; sourceTree = BUILT_PRODUCTS_DIR; };
		6B988DDC2933BE87008B0DB5 /* PlayOn_iOSTests.swift */ = {isa = PBXFileReference; lastKnownFileType = sourcecode.swift; path = PlayOn_iOSTests.swift; sourceTree = "<group>"; };
		6B988DE22933BE87008B0DB5 /* PlayOn_iOSUITests.xctest */ = {isa = PBXFileReference; explicitFileType = wrapper.cfbundle; includeInIndex = 0; path = PlayOn_iOSUITests.xctest; sourceTree = BUILT_PRODUCTS_DIR; };
		6B988DE62933BE87008B0DB5 /* PlayOn_iOSUITests.swift */ = {isa = PBXFileReference; lastKnownFileType = sourcecode.swift; path = PlayOn_iOSUITests.swift; sourceTree = "<group>"; };
		6B988DE82933BE87008B0DB5 /* PlayOn_iOSUITestsLaunchTests.swift */ = {isa = PBXFileReference; lastKnownFileType = sourcecode.swift; path = PlayOn_iOSUITestsLaunchTests.swift; sourceTree = "<group>"; };
/* End PBXFileReference section */

/* Begin PBXFrameworksBuildPhase section */
		6B988DC52933BE85008B0DB5 /* Frameworks */ = {
			isa = PBXFrameworksBuildPhase;
			buildActionMask = 2147483647;
			files = (
			);
			runOnlyForDeploymentPostprocessing = 0;
		};
		6B988DD52933BE87008B0DB5 /* Frameworks */ = {
			isa = PBXFrameworksBuildPhase;
			buildActionMask = 2147483647;
			files = (
			);
			runOnlyForDeploymentPostprocessing = 0;
		};
		6B988DDF2933BE87008B0DB5 /* Frameworks */ = {
			isa = PBXFrameworksBuildPhase;
			buildActionMask = 2147483647;
			files = (
			);
			runOnlyForDeploymentPostprocessing = 0;
		};
/* End PBXFrameworksBuildPhase section */

/* Begin PBXGroup section */
		6B50141229388D3500CB413D /* Findings */ = {
			isa = PBXGroup;
			children = (
			);
			path = Findings;
			sourceTree = "<group>";
		};
		6B988DBF2933BE85008B0DB5 = {
			isa = PBXGroup;
			children = (
				6B988DCA2933BE85008B0DB5 /* PlayOn_iOS */,
				6B988DDB2933BE87008B0DB5 /* PlayOn_iOSTests */,
				6B988DE52933BE87008B0DB5 /* PlayOn_iOSUITests */,
				6B988DC92933BE85008B0DB5 /* Products */,
			);
			sourceTree = "<group>";
		};
		6B988DC92933BE85008B0DB5 /* Products */ = {
			isa = PBXGroup;
			children = (
				6B988DC82933BE85008B0DB5 /* PlayOn_iOS.app */,
				6B988DD82933BE87008B0DB5 /* PlayOn_iOSTests.xctest */,
				6B988DE22933BE87008B0DB5 /* PlayOn_iOSUITests.xctest */,
			);
			name = Products;
			sourceTree = "<group>";
		};
		6B988DCA2933BE85008B0DB5 /* PlayOn_iOS */ = {
			isa = PBXGroup;
			children = (
				6B50141229388D3500CB413D /* Findings */,
				6B988DCB2933BE85008B0DB5 /* PlayOn_iOSApp.swift */,
				6B988DCD2933BE85008B0DB5 /* ContentView.swift */,
				6B988DCF2933BE87008B0DB5 /* Assets.xcassets */,
				6B988DD12933BE87008B0DB5 /* Preview Content */,
			);
			path = PlayOn_iOS;
			sourceTree = "<group>";
		};
		6B988DD12933BE87008B0DB5 /* Preview Content */ = {
			isa = PBXGroup;
			children = (
				6B988DD22933BE87008B0DB5 /* Preview Assets.xcassets */,
			);
			path = "Preview Content";
			sourceTree = "<group>";
		};
		6B988DDB2933BE87008B0DB5 /* PlayOn_iOSTests */ = {
			isa = PBXGroup;
			children = (
				6B988DDC2933BE87008B0DB5 /* PlayOn_iOSTests.swift */,
			);
			path = PlayOn_iOSTests;
			sourceTree = "<group>";
		};
		6B988DE52933BE87008B0DB5 /* PlayOn_iOSUITests */ = {
			isa = PBXGroup;
			children = (
				6B988DE62933BE87008B0DB5 /* PlayOn_iOSUITests.swift */,
				6B988DE82933BE87008B0DB5 /* PlayOn_iOSUITestsLaunchTests.swift */,
			);
			path = PlayOn_iOSUITests;
			sourceTree = "<group>";
		};
/* End PBXGroup section */

/* Begin PBXNativeTarget section */
		6B988DC72933BE85008B0DB5 /* PlayOn_iOS */ = {
			isa = PBXNativeTarget;
			buildConfigurationList = 6B988DEC2933BE87008B0DB5 /* Build configuration list for PBXNativeTarget "PlayOn_iOS" */;
			buildPhases = (
				6B988DC42933BE85008B0DB5 /* Sources */,
				6B988DC52933BE85008B0DB5 /* Frameworks */,
				6B988DC62933BE85008B0DB5 /* Resources */,
			);
			buildRules = (
			);
			dependencies = (
			);
			name = PlayOn_iOS;
			productName = PlayOn_iOS;
			productReference = 6B988DC82933BE85008B0DB5 /* PlayOn_iOS.app */;
			productType = "com.apple.product-type.application";
		};
		6B988DD72933BE87008B0DB5 /* PlayOn_iOSTests */ = {
			isa = PBXNativeTarget;
			buildConfigurationList = 6B988DEF2933BE87008B0DB5 /* Build configuration list for PBXNativeTarget "PlayOn_iOSTests" */;
			buildPhases = (
				6B988DD42933BE87008B0DB5 /* Sources */,
				6B988DD52933BE87008B0DB5 /* Frameworks */,
				6B988DD62933BE87008B0DB5 /* Resources */,
			);
			buildRules = (
			);
			dependencies = (
				6B988DDA2933BE87008B0DB5 /* PBXTargetDependency */,
			);
			name = PlayOn_iOSTests;
			productName = PlayOn_iOSTests;
			productReference = 6B988DD82933BE87008B0DB5 /* PlayOn_iOSTests.xctest */;
			productType = "com.apple.product-type.bundle.unit-test";
		};
		6B988DE12933BE87008B0DB5 /* PlayOn_iOSUITests */ = {
			isa = PBXNativeTarget;
			buildConfigurationList = 6B988DF22933BE87008B0DB5 /* Build configuration list for PBXNativeTarget "PlayOn_iOSUITests" */;
			buildPhases = (
				6B988DDE2933BE87008B0DB5 /* Sources */,
				6B988DDF2933BE87008B0DB5 /* Frameworks */,
				6B988DE02933BE87008B0DB5 /* Resources */,
			);
			buildRules = (
			);
			dependencies = (
				6B988DE42933BE87008B0DB5 /* PBXTargetDependency */,
			);
			name = PlayOn_iOSUITests;
			productName = PlayOn_iOSUITests;
			productReference = 6B988DE22933BE87008B0DB5 /* PlayOn_iOSUITests.xctest */;
			productType = "com.apple.product-type.bundle.ui-testing";
		};
/* End PBXNativeTarget section */

/* Begin PBXProject section */
		6B988DC02933BE85008B0DB5 /* Project object */ = {
			isa = PBXProject;
			attributes = {
				BuildIndependentTargetsInParallel = 1;
				LastSwiftUpdateCheck = 1410;
				LastUpgradeCheck = 1410;
				TargetAttributes = {
					6B988DC72933BE85008B0DB5 = {
						CreatedOnToolsVersion = 14.1;
					};
					6B988DD72933BE87008B0DB5 = {
						CreatedOnToolsVersion = 14.1;
						TestTargetID = 6B988DC72933BE85008B0DB5;
					};
					6B988DE12933BE87008B0DB5 = {
						CreatedOnToolsVersion = 14.1;
						TestTargetID = 6B988DC72933BE85008B0DB5;
					};
				};
			};
			buildConfigurationList = 6B988DC32933BE85008B0DB5 /* Build configuration list for PBXProject "PlayOn_iOS" */;
			compatibilityVersion = "Xcode 14.0";
			developmentRegion = en;
			hasScannedForEncodings = 0;
			knownRegions = (
				en,
				Base,
			);
			mainGroup = 6B988DBF2933BE85008B0DB5;
			productRefGroup = 6B988DC92933BE85008B0DB5 /* Products */;
			projectDirPath = "";
			projectRoot = "";
			targets = (
				6B988DC72933BE85008B0DB5 /* PlayOn_iOS */,
				6B988DD72933BE87008B0DB5 /* PlayOn_iOSTests */,
				6B988DE12933BE87008B0DB5 /* PlayOn_iOSUITests */,
			);
		};
/* End PBXProject section */

/* Begin PBXResourcesBuildPhase section */
		6B988DC62933BE85008B0DB5 /* Resources */ = {
			isa = PBXResourcesBuildPhase;
			buildActionMask = 2147483647;
			files = (
				6B988DD32933BE87008B0DB5 /* Preview Assets.xcassets in Resources */,
				6B988DD02933BE87008B0DB5 /* Assets.xcassets in Resources */,
			);
			runOnlyForDeploymentPostprocessing = 0;
		};
		6B988DD62933BE87008B0DB5 /* Resources */ = {
			isa = PBXResourcesBuildPhase;
			buildActionMask = 2147483647;
			files = (
			);
			runOnlyForDeploymentPostprocessing = 0;
		};
		6B988DE02933BE87008B0DB5 /* Resources */ = {
			isa = PBXResourcesBuildPhase;
			buildActionMask = 2147483647;
			files = (
			);
			runOnlyForDeploymentPostprocessing = 0;
		};
/* End PBXResourcesBuildPhase section */

/* Begin PBXSourcesBuildPhase section */
		6B988DC42933BE85008B0DB5 /* Sources */ = {
			isa = PBXSourcesBuildPhase;
			buildActionMask = 2147483647;
			files = (
				6B988DCE2933BE85008B0DB5 /* ContentView.swift in Sources */,
				6B988DCC2933BE85008B0DB5 /* PlayOn_iOSApp.swift in Sources */,
			);
			runOnlyForDeploymentPostprocessing = 0;
		};
		6B988DD42933BE87008B0DB5 /* Sources */ = {
			isa = PBXSourcesBuildPhase;
			buildActionMask = 2147483647;
			files = (
				6B988DDD2933BE87008B0DB5 /* PlayOn_iOSTests.swift in Sources */,
			);
			runOnlyForDeploymentPostprocessing = 0;
		};
		6B988DDE2933BE87008B0DB5 /* Sources */ = {
			isa = PBXSourcesBuildPhase;
			buildActionMask = 2147483647;
			files = (
				6B988DE72933BE87008B0DB5 /* PlayOn_iOSUITests.swift in Sources */,
				6B988DE92933BE87008B0DB5 /* PlayOn_iOSUITestsLaunchTests.swift in Sources */,
			);
			runOnlyForDeploymentPostprocessing = 0;
		};
/* End PBXSourcesBuildPhase section */

/* Begin PBXTargetDependency section */
		6B988DDA2933BE87008B0DB5 /* PBXTargetDependency */ = {
			isa = PBXTargetDependency;
			target = 6B988DC72933BE85008B0DB5 /* PlayOn_iOS */;
			targetProxy = 6B988DD92933BE87008B0DB5 /* PBXContainerItemProxy */;
		};
		6B988DE42933BE87008B0DB5 /* PBXTargetDependency */ = {
			isa = PBXTargetDependency;
			target = 6B988DC72933BE85008B0DB5 /* PlayOn_iOS */;
			targetProxy = 6B988DE32933BE87008B0DB5 /* PBXContainerItemProxy */;
		};
/* End PBXTargetDependency section */

/* Begin XCBuildConfiguration section */
		6B988DEA2933BE87008B0DB5 /* Debug */ = {
			isa = XCBuildConfiguration;
			buildSettings = {
				ALWAYS_SEARCH_USER_PATHS = NO;
				CLANG_ANALYZER_NONNULL = YES;
				CLANG_ANALYZER_NUMBER_OBJECT_CONVERSION = YES_AGGRESSIVE;
				CLANG_CXX_LANGUAGE_STANDARD = "gnu++20";
				CLANG_ENABLE_MODULES = YES;
				CLANG_ENABLE_OBJC_ARC = YES;
				CLANG_ENABLE_OBJC_WEAK = YES;
				CLANG_WARN_BLOCK_CAPTURE_AUTORELEASING = YES;
				CLANG_WARN_BOOL_CONVERSION = YES;
				CLANG_WARN_COMMA = YES;
				CLANG_WARN_CONSTANT_CONVERSION = YES;
				CLANG_WARN_DEPRECATED_OBJC_IMPLEMENTATIONS = YES;
				CLANG_WARN_DIRECT_OBJC_ISA_USAGE = YES_ERROR;
				CLANG_WARN_DOCUMENTATION_COMMENTS = YES;
				CLANG_WARN_EMPTY_BODY = YES;
				CLANG_WARN_ENUM_CONVERSION = YES;
				CLANG_WARN_INFINITE_RECURSION = YES;
				CLANG_WARN_INT_CONVERSION = YES;
				CLANG_WARN_NON_LITERAL_NULL_CONVERSION = YES;
				CLANG_WARN_OBJC_IMPLICIT_RETAIN_SELF = YES;
				CLANG_WARN_OBJC_LITERAL_CONVERSION = YES;
				CLANG_WARN_OBJC_ROOT_CLASS = YES_ERROR;
				CLANG_WARN_QUOTED_INCLUDE_IN_FRAMEWORK_HEADER = YES;
				CLANG_WARN_RANGE_LOOP_ANALYSIS = YES;
				CLANG_WARN_STRICT_PROTOTYPES = YES;
				CLANG_WARN_SUSPICIOUS_MOVE = YES;
				CLANG_WARN_UNGUARDED_AVAILABILITY = YES_AGGRESSIVE;
				CLANG_WARN_UNREACHABLE_CODE = YES;
				CLANG_WARN__DUPLICATE_METHOD_MATCH = YES;
				COPY_PHASE_STRIP = NO;
				DEBUG_INFORMATION_FORMAT = dwarf;
				ENABLE_STRICT_OBJC_MSGSEND = YES;
				ENABLE_TESTABILITY = YES;
				GCC_C_LANGUAGE_STANDARD = gnu11;
				GCC_DYNAMIC_NO_PIC = NO;
				GCC_NO_COMMON_BLOCKS = YES;
				GCC_OPTIMIZATION_LEVEL = 0;
				GCC_PREPROCESSOR_DEFINITIONS = (
					"DEBUG=1",
					"$(inherited)",
				);
				GCC_WARN_64_TO_32_BIT_CONVERSION = YES;
				GCC_WARN_ABOUT_RETURN_TYPE = YES_ERROR;
				GCC_WARN_UNDECLARED_SELECTOR = YES;
				GCC_WARN_UNINITIALIZED_AUTOS = YES_AGGRESSIVE;
				GCC_WARN_UNUSED_FUNCTION = YES;
				GCC_WARN_UNUSED_VARIABLE = YES;
				IPHONEOS_DEPLOYMENT_TARGET = 16.1;
				MTL_ENABLE_DEBUG_INFO = INCLUDE_SOURCE;
				MTL_FAST_MATH = YES;
				ONLY_ACTIVE_ARCH = YES;
				SDKROOT = iphoneos;
				SWIFT_ACTIVE_COMPILATION_CONDITIONS = DEBUG;
				SWIFT_OPTIMIZATION_LEVEL = "-Onone";
			};
			name = Debug;
		};
		6B988DEB2933BE87008B0DB5 /* Release */ = {
			isa = XCBuildConfiguration;
			buildSettings = {
				ALWAYS_SEARCH_USER_PATHS = NO;
				CLANG_ANALYZER_NONNULL = YES;
				CLANG_ANALYZER_NUMBER_OBJECT_CONVERSION = YES_AGGRESSIVE;
				CLANG_CXX_LANGUAGE_STANDARD = "gnu++20";
				CLANG_ENABLE_MODULES = YES;
				CLANG_ENABLE_OBJC_ARC = YES;
				CLANG_ENABLE_OBJC_WEAK = YES;
				CLANG_WARN_BLOCK_CAPTURE_AUTORELEASING = YES;
				CLANG_WARN_BOOL_CONVERSION = YES;
				CLANG_WARN_COMMA = YES;
				CLANG_WARN_CONSTANT_CONVERSION = YES;
				CLANG_WARN_DEPRECATED_OBJC_IMPLEMENTATIONS = YES;
				CLANG_WARN_DIRECT_OBJC_ISA_USAGE = YES_ERROR;
				CLANG_WARN_DOCUMENTATION_COMMENTS = YES;
				CLANG_WARN_EMPTY_BODY = YES;
				CLANG_WARN_ENUM_CONVERSION = YES;
				CLANG_WARN_INFINITE_RECURSION = YES;
				CLANG_WARN_INT_CONVERSION = YES;
				CLANG_WARN_NON_LITERAL_NULL_CONVERSION = YES;
				CLANG_WARN_OBJC_IMPLICIT_RETAIN_SELF = YES;
				CLANG_WARN_OBJC_LITERAL_CONVERSION = YES;
				CLANG_WARN_OBJC_ROOT_CLASS = YES_ERROR;
				CLANG_WARN_QUOTED_INCLUDE_IN_FRAMEWORK_HEADER = YES;
				CLANG_WARN_RANGE_LOOP_ANALYSIS = YES;
				CLANG_WARN_STRICT_PROTOTYPES = YES;
				CLANG_WARN_SUSPICIOUS_MOVE = YES;
				CLANG_WARN_UNGUARDED_AVAILABILITY = YES_AGGRESSIVE;
				CLANG_WARN_UNREACHABLE_CODE = YES;
				CLANG_WARN__DUPLICATE_METHOD_MATCH = YES;
				COPY_PHASE_STRIP = NO;
				DEBUG_INFORMATION_FORMAT = "dwarf-with-dsym";
				ENABLE_NS_ASSERTIONS = NO;
				ENABLE_STRICT_OBJC_MSGSEND = YES;
				GCC_C_LANGUAGE_STANDARD = gnu11;
				GCC_NO_COMMON_BLOCKS = YES;
				GCC_WARN_64_TO_32_BIT_CONVERSION = YES;
				GCC_WARN_ABOUT_RETURN_TYPE = YES_ERROR;
				GCC_WARN_UNDECLARED_SELECTOR = YES;
				GCC_WARN_UNINITIALIZED_AUTOS = YES_AGGRESSIVE;
				GCC_WARN_UNUSED_FUNCTION = YES;
				GCC_WARN_UNUSED_VARIABLE = YES;
				IPHONEOS_DEPLOYMENT_TARGET = 16.1;
				MTL_ENABLE_DEBUG_INFO = NO;
				MTL_FAST_MATH = YES;
				SDKROOT = iphoneos;
				SWIFT_COMPILATION_MODE = wholemodule;
				SWIFT_OPTIMIZATION_LEVEL = "-O";
				VALIDATE_PRODUCT = YES;
			};
			name = Release;
		};
		6B988DED2933BE87008B0DB5 /* Debug */ = {
			isa = XCBuildConfiguration;
			buildSettings = {
				ASSETCATALOG_COMPILER_APPICON_NAME = AppIcon;
				ASSETCATALOG_COMPILER_GLOBAL_ACCENT_COLOR_NAME = AccentColor;
				CODE_SIGN_STYLE = Automatic;
				CURRENT_PROJECT_VERSION = 1;
				DEVELOPMENT_ASSET_PATHS = "\"PlayOn_iOS/Preview Content\"";
				DEVELOPMENT_TEAM = 65KV6R2AGS;
				ENABLE_PREVIEWS = YES;
				GENERATE_INFOPLIST_FILE = YES;
				INFOPLIST_KEY_UIApplicationSceneManifest_Generation = YES;
				INFOPLIST_KEY_UIApplicationSupportsIndirectInputEvents = YES;
				INFOPLIST_KEY_UILaunchScreen_Generation = YES;
				INFOPLIST_KEY_UISupportedInterfaceOrientations_iPad = "UIInterfaceOrientationPortrait UIInterfaceOrientationPortraitUpsideDown UIInterfaceOrientationLandscapeLeft UIInterfaceOrientationLandscapeRight";
				INFOPLIST_KEY_UISupportedInterfaceOrientations_iPhone = "UIInterfaceOrientationPortrait UIInterfaceOrientationLandscapeLeft UIInterfaceOrientationLandscapeRight";
				LD_RUNPATH_SEARCH_PATHS = (
					"$(inherited)",
					"@executable_path/Frameworks",
				);
				MARKETING_VERSION = 1.0;
				PRODUCT_BUNDLE_IDENTIFIER = "Yeolmok.PlayOn-iOS";
				PRODUCT_NAME = "$(TARGET_NAME)";
				SWIFT_EMIT_LOC_STRINGS = YES;
				SWIFT_VERSION = 5.0;
				TARGETED_DEVICE_FAMILY = "1,2";
			};
			name = Debug;
		};
		6B988DEE2933BE87008B0DB5 /* Release */ = {
			isa = XCBuildConfiguration;
			buildSettings = {
				ASSETCATALOG_COMPILER_APPICON_NAME = AppIcon;
				ASSETCATALOG_COMPILER_GLOBAL_ACCENT_COLOR_NAME = AccentColor;
				CODE_SIGN_STYLE = Automatic;
				CURRENT_PROJECT_VERSION = 1;
				DEVELOPMENT_ASSET_PATHS = "\"PlayOn_iOS/Preview Content\"";
				DEVELOPMENT_TEAM = 65KV6R2AGS;
				ENABLE_PREVIEWS = YES;
				GENERATE_INFOPLIST_FILE = YES;
				INFOPLIST_KEY_UIApplicationSceneManifest_Generation = YES;
				INFOPLIST_KEY_UIApplicationSupportsIndirectInputEvents = YES;
				INFOPLIST_KEY_UILaunchScreen_Generation = YES;
				INFOPLIST_KEY_UISupportedInterfaceOrientations_iPad = "UIInterfaceOrientationPortrait UIInterfaceOrientationPortraitUpsideDown UIInterfaceOrientationLandscapeLeft UIInterfaceOrientationLandscapeRight";
				INFOPLIST_KEY_UISupportedInterfaceOrientations_iPhone = "UIInterfaceOrientationPortrait UIInterfaceOrientationLandscapeLeft UIInterfaceOrientationLandscapeRight";
				LD_RUNPATH_SEARCH_PATHS = (
					"$(inherited)",
					"@executable_path/Frameworks",
				);
				MARKETING_VERSION = 1.0;
				PRODUCT_BUNDLE_IDENTIFIER = "Yeolmok.PlayOn-iOS";
				PRODUCT_NAME = "$(TARGET_NAME)";
				SWIFT_EMIT_LOC_STRINGS = YES;
				SWIFT_VERSION = 5.0;
				TARGETED_DEVICE_FAMILY = "1,2";
			};
			name = Release;
		};
		6B988DF02933BE87008B0DB5 /* Debug */ = {
			isa = XCBuildConfiguration;
			buildSettings = {
				ALWAYS_EMBED_SWIFT_STANDARD_LIBRARIES = YES;
				BUNDLE_LOADER = "$(TEST_HOST)";
				CODE_SIGN_STYLE = Automatic;
				CURRENT_PROJECT_VERSION = 1;
				DEVELOPMENT_TEAM = 65KV6R2AGS;
				GENERATE_INFOPLIST_FILE = YES;
				IPHONEOS_DEPLOYMENT_TARGET = 16.1;
				MARKETING_VERSION = 1.0;
				PRODUCT_BUNDLE_IDENTIFIER = "Yeolmok.PlayOn-iOSTests";
				PRODUCT_NAME = "$(TARGET_NAME)";
				SWIFT_EMIT_LOC_STRINGS = NO;
				SWIFT_VERSION = 5.0;
				TARGETED_DEVICE_FAMILY = "1,2";
				TEST_HOST = "$(BUILT_PRODUCTS_DIR)/PlayOn_iOS.app/$(BUNDLE_EXECUTABLE_FOLDER_PATH)/PlayOn_iOS";
			};
			name = Debug;
		};
		6B988DF12933BE87008B0DB5 /* Release */ = {
			isa = XCBuildConfiguration;
			buildSettings = {
				ALWAYS_EMBED_SWIFT_STANDARD_LIBRARIES = YES;
				BUNDLE_LOADER = "$(TEST_HOST)";
				CODE_SIGN_STYLE = Automatic;
				CURRENT_PROJECT_VERSION = 1;
				DEVELOPMENT_TEAM = 65KV6R2AGS;
				GENERATE_INFOPLIST_FILE = YES;
				IPHONEOS_DEPLOYMENT_TARGET = 16.1;
				MARKETING_VERSION = 1.0;
				PRODUCT_BUNDLE_IDENTIFIER = "Yeolmok.PlayOn-iOSTests";
				PRODUCT_NAME = "$(TARGET_NAME)";
				SWIFT_EMIT_LOC_STRINGS = NO;
				SWIFT_VERSION = 5.0;
				TARGETED_DEVICE_FAMILY = "1,2";
				TEST_HOST = "$(BUILT_PRODUCTS_DIR)/PlayOn_iOS.app/$(BUNDLE_EXECUTABLE_FOLDER_PATH)/PlayOn_iOS";
			};
			name = Release;
		};
		6B988DF32933BE87008B0DB5 /* Debug */ = {
			isa = XCBuildConfiguration;
			buildSettings = {
				ALWAYS_EMBED_SWIFT_STANDARD_LIBRARIES = YES;
				CODE_SIGN_STYLE = Automatic;
				CURRENT_PROJECT_VERSION = 1;
				DEVELOPMENT_TEAM = 65KV6R2AGS;
				GENERATE_INFOPLIST_FILE = YES;
				MARKETING_VERSION = 1.0;
				PRODUCT_BUNDLE_IDENTIFIER = "Yeolmok.PlayOn-iOSUITests";
				PRODUCT_NAME = "$(TARGET_NAME)";
				SWIFT_EMIT_LOC_STRINGS = NO;
				SWIFT_VERSION = 5.0;
				TARGETED_DEVICE_FAMILY = "1,2";
				TEST_TARGET_NAME = PlayOn_iOS;
			};
			name = Debug;
		};
		6B988DF42933BE87008B0DB5 /* Release */ = {
			isa = XCBuildConfiguration;
			buildSettings = {
				ALWAYS_EMBED_SWIFT_STANDARD_LIBRARIES = YES;
				CODE_SIGN_STYLE = Automatic;
				CURRENT_PROJECT_VERSION = 1;
				DEVELOPMENT_TEAM = 65KV6R2AGS;
				GENERATE_INFOPLIST_FILE = YES;
				MARKETING_VERSION = 1.0;
				PRODUCT_BUNDLE_IDENTIFIER = "Yeolmok.PlayOn-iOSUITests";
				PRODUCT_NAME = "$(TARGET_NAME)";
				SWIFT_EMIT_LOC_STRINGS = NO;
				SWIFT_VERSION = 5.0;
				TARGETED_DEVICE_FAMILY = "1,2";
				TEST_TARGET_NAME = PlayOn_iOS;
			};
			name = Release;
		};
/* End XCBuildConfiguration section */

/* Begin XCConfigurationList section */
		6B988DC32933BE85008B0DB5 /* Build configuration list for PBXProject "PlayOn_iOS" */ = {
			isa = XCConfigurationList;
			buildConfigurations = (
				6B988DEA2933BE87008B0DB5 /* Debug */,
				6B988DEB2933BE87008B0DB5 /* Release */,
			);
			defaultConfigurationIsVisible = 0;
			defaultConfigurationName = Release;
		};
		6B988DEC2933BE87008B0DB5 /* Build configuration list for PBXNativeTarget "PlayOn_iOS" */ = {
			isa = XCConfigurationList;
			buildConfigurations = (
				6B988DED2933BE87008B0DB5 /* Debug */,
				6B988DEE2933BE87008B0DB5 /* Release */,
			);
			defaultConfigurationIsVisible = 0;
			defaultConfigurationName = Release;
		};
		6B988DEF2933BE87008B0DB5 /* Build configuration list for PBXNativeTarget "PlayOn_iOSTests" */ = {
			isa = XCConfigurationList;
			buildConfigurations = (
				6B988DF02933BE87008B0DB5 /* Debug */,
				6B988DF12933BE87008B0DB5 /* Release */,
			);
			defaultConfigurationIsVisible = 0;
			defaultConfigurationName = Release;
		};
		6B988DF22933BE87008B0DB5 /* Build configuration list for PBXNativeTarget "PlayOn_iOSUITests" */ = {
			isa = XCConfigurationList;
			buildConfigurations = (
				6B988DF32933BE87008B0DB5 /* Debug */,
				6B988DF42933BE87008B0DB5 /* Release */,
			);
			defaultConfigurationIsVisible = 0;
			defaultConfigurationName = Release;
		};
/* End XCConfigurationList section */
	};
	rootObject = 6B988DC02933BE85008B0DB5 /* Project object */;
}
